
Microsoft Visual Studio Solution File, Format Version 12.00
# Visual Studio Version 17
VisualStudioVersion = 17.14.37314.3 d17.14
MinimumVisualStudioVersion = 10.0.40219.1
Project("{FAE04EC0-301F-11D3-BF4B-00C04F79EFBC}") = "Kollok", "Kollok.csproj", "{AD106683-F11A-4C7E-97F8-20B88AD575AD}"
EndProject
Global
	GlobalSection(SolutionConfigurationPlatforms) = preSolution
		Debug|Any CPU = Debug|Any CPU
		Release|Any CPU = Release|Any CPU
	EndGlobalSection
	GlobalSection(ProjectConfigurationPlatforms) = postSolution
		{AD106683-F11A-4C7E-97F8-20B88AD575AD}.Debug|Any CPU.ActiveCfg = Debug|Any CPU
		{AD106683-F11A-4C7E-97F8-20B88AD575AD}.Debug|Any CPU.Build.0 = Debug|Any CPU
		{AD106683-F11A-4C7E-97F8-20B88AD575AD}.Release|Any CPU.ActiveCfg = Release|Any CPU
		{AD106683-F11A-4C7E-97F8-20B88AD575AD}.Release|Any CPU.Build.0 = Release|Any CPU
	EndGlobalSection
	GlobalSection(SolutionProperties) = preSolution
		HideSolutionNode = FALSE
	EndGlobalSection
	GlobalSection(ExtensibilityGlobals) = postSolution
		SolutionGuid = {4DD39802-5AF4-4C37-AE83-FD412C524DE7}
	EndGlobalSection
EndGlobal
